
Microsoft Visual Studio Solution File, Format Version 11.00
# Visual Studio 2010
Project("{8BC9CEB8-8B4A-11D0-8D11-00A0C91BC942}") = "glcmC", "glcmC\glcmC.vcxproj", "{136647B9-2FC8-422B-9457-01EB527D0431}"
EndProject
Global
	GlobalSection(SolutionConfigurationPlatforms) = preSolution
		Debug|Win32 = Debug|Win32
		Release|Win32 = Release|Win32
	EndGlobalSection
	GlobalSection(ProjectConfigurationPlatforms) = postSolution
		{136647B9-2FC8-422B-9457-01EB527D0431}.Debug|Win32.ActiveCfg = Debug|Win32
		{136647B9-2FC8-422B-9457-01EB527D0431}.Debug|Win32.Build.0 = Debug|Win32
		{136647B9-2FC8-422B-9457-01EB527D0431}.Release|Win32.ActiveCfg = Release|Win32
		{136647B9-2FC8-422B-9457-01EB527D0431}.Release|Win32.Build.0 = Release|Win32
	EndGlobalSection
	GlobalSection(SolutionProperties) = preSolution
		HideSolutionNode = FALSE
	EndGlobalSection
EndGlobal
